// !$*UTF8*$!
{
	archiveVersion = 1;
	classes = {
	};
	objectVersion = 50;
	objects = {

/* Begin PBXBuildFile section */
		DD8D76D0265950720091EA9F /* AppDelegate.swift in Sources */ = {isa = PBXBuildFile; fileRef = DD8D76CF265950720091EA9F /* AppDelegate.swift */; };
		DD8D76D2265950720091EA9F /* SceneDelegate.swift in Sources */ = {isa = PBXBuildFile; fileRef = DD8D76D1265950720091EA9F /* SceneDelegate.swift */; };
		DD8D76D4265950720091EA9F /* ViewController.swift in Sources */ = {isa = PBXBuildFile; fileRef = DD8D76D3265950720091EA9F /* ViewController.swift */; };
		DD8D76D7265950720091EA9F /* Main.storyboard in Resources */ = {isa = PBXBuildFile; fileRef = DD8D76D5265950720091EA9F /* Main.storyboard */; };
		DD8D76D9265950730091EA9F /* Assets.xcassets in Resources */ = {isa = PBXBuildFile; fileRef = DD8D76D8265950730091EA9F /* Assets.xcassets */; };
		DD8D76DC265950730091EA9F /* LaunchScreen.storyboard in Resources */ = {isa = PBXBuildFile; fileRef = DD8D76DA265950730091EA9F /* LaunchScreen.storyboard */; };
		DD8D76E6265950C30091EA9F /* CollectionViewCell.swift in Sources */ = {isa = PBXBuildFile; fileRef = DD8D76E4265950C30091EA9F /* CollectionViewCell.swift */; };
		DD8D76E7265950C30091EA9F /* CollectionViewCell.xib in Resources */ = {isa = PBXBuildFile; fileRef = DD8D76E5265950C30091EA9F /* CollectionViewCell.xib */; };
/* End PBXBuildFile section */

/* Begin PBXFileReference section */
		DD8D76CC265950720091EA9F /* CollectionViewScroll.app */ = {isa = PBXFileReference; explicitFileType = wrapper.application; includeInIndex = 0; path = CollectionViewScroll.app; sourceTree = BUILT_PRODUCTS_DIR; };
		DD8D76CF265950720091EA9F /* AppDelegate.swift */ = {isa = PBXFileReference; lastKnownFileType = sourcecode.swift; path = AppDelegate.swift; sourceTree = "<group>"; };
		DD8D76D1265950720091EA9F /* SceneDelegate.swift */ = {isa = PBXFileReference; lastKnownFileType = sourcecode.swift; path = SceneDelegate.swift; sourceTree = "<group>"; };
		DD8D76D3265950720091EA9F /* ViewController.swift */ = {isa = PBXFileReference; lastKnownFileType = sourcecode.swift; path = ViewController.swift; sourceTree = "<group>"; };
		DD8D76D6265950720091EA9F /* Base */ = {isa = PBXFileReference; lastKnownFileType = file.storyboard; name = Base; path = Base.lproj/Main.storyboard; sourceTree = "<group>"; };
		DD8D76D8265950730091EA9F /* Assets.xcassets */ = {isa = PBXFileReference; lastKnownFileType = folder.assetcatalog; path = Assets.xcassets; sourceTree = "<group>"; };
		DD8D76DB265950730091EA9F /* Base */ = {isa = PBXFileReference; lastKnownFileType = file.storyboard; name = Base; path = Base.lproj/LaunchScreen.storyboard; sourceTree = "<group>"; };
		DD8D76DD265950730091EA9F /* Info.plist */ = {isa = PBXFileReference; lastKnownFileType = text.plist.xml; path = Info.plist; sourceTree = "<group>"; };
		DD8D76E4265950C30091EA9F /* CollectionViewCell.swift */ = {isa = PBXFileReference; lastKnownFileType = sourcecode.swift; path = CollectionViewCell.swift; sourceTree = "<group>"; };
		DD8D76E5265950C30091EA9F /* CollectionViewCell.xib */ = {isa = PBXFileReference; lastKnownFileType = file.xib; path = CollectionViewCell.xib; sourceTree = "<group>"; };
/* End PBXFileReference section */

/* Begin PBXFrameworksBuildPhase section */
		DD8D76C9265950720091EA9F /* Frameworks */ = {
			isa = PBXFrameworksBuildPhase;
			buildActionMask = 2147483647;
			files = (
			);
			runOnlyForDeploymentPostprocessing = 0;
		};
/* End PBXFrameworksBuildPhase section */

/* Begin PBXGroup section */
		DD8D76C3265950720091EA9F = {
			isa = PBXGroup;
			children = (
				DD8D76CE265950720091EA9F /* CollectionViewScroll */,
				DD8D76CD265950720091EA9F /* Products */,
			);
			sourceTree = "<group>";
		};
		DD8D76CD265950720091EA9F /* Products */ = {
			isa = PBXGroup;
			children = (
				DD8D76CC265950720091EA9F /* CollectionViewScroll.app */,
			);
			name = Products;
			sourceTree = "<group>";
		};
		DD8D76CE265950720091EA9F /* CollectionViewScroll */ = {
			isa = PBXGroup;
			children = (
				DD8D76CF265950720091EA9F /* AppDelegate.swift */,
				DD8D76D1265950720091EA9F /* SceneDelegate.swift */,
				DD8D76D3265950720091EA9F /* ViewController.swift */,
				DD8D76D5265950720091EA9F /* Main.storyboard */,
				DD8D76D8265950730091EA9F /* Assets.xcassets */,
				DD8D76DA265950730091EA9F /* LaunchScreen.storyboard */,
				DD8D76DD265950730091EA9F /* Info.plist */,
				DD8D76E4265950C30091EA9F /* CollectionViewCell.swift */,
				DD8D76E5265950C30091EA9F /* CollectionViewCell.xib */,
			);
			path = CollectionViewScroll;
			sourceTree = "<group>";
		};
/* End PBXGroup section */

/* Begin PBXNativeTarget section */
		DD8D76CB265950720091EA9F /* CollectionViewScroll */ = {
			isa = PBXNativeTarget;
			buildConfigurationList = DD8D76E0265950730091EA9F /* Build configuration list for PBXNativeTarget "CollectionViewScroll" */;
			buildPhases = (
				DD8D76C8265950720091EA9F /* Sources */,
				DD8D76C9265950720091EA9F /* Frameworks */,
				DD8D76CA265950720091EA9F /* Resources */,
			);
			buildRules = (
			);
			dependencies = (
			);
			name = CollectionViewScroll;
			productName = CollectionViewScroll;
			productReference = DD8D76CC265950720091EA9F /* CollectionViewScroll.app */;
			productType = "com.apple.product-type.application";
		};
/* End PBXNativeTarget section */

/* Begin PBXProject section */
		DD8D76C4265950720091EA9F /* Project object */ = {
			isa = PBXProject;
			attributes = {
				LastSwiftUpdateCheck = 1240;
				LastUpgradeCheck = 1240;
				TargetAttributes = {
					DD8D76CB265950720091EA9F = {
						CreatedOnToolsVersion = 12.4;
					};
				};
			};
			buildConfigurationList = DD8D76C7265950720091EA9F /* Build configuration list for PBXProject "CollectionViewScroll" */;
			compatibilityVersion = "Xcode 9.3";
			developmentRegion = en;
			hasScannedForEncodings = 0;
			knownRegions = (
				en,
				Base,
			);
			mainGroup = DD8D76C3265950720091EA9F;
			productRefGroup = DD8D76CD265950720091EA9F /* Products */;
			projectDirPath = "";
			projectRoot = "";
			targets = (
				DD8D76CB265950720091EA9F /* CollectionViewScroll */,
			);
		};
/* End PBXProject section */

/* Begin PBXResourcesBuildPhase section */
		DD8D76CA265950720091EA9F /* Resources */ = {
			isa = PBXResourcesBuildPhase;
			buildActionMask = 2147483647;
			files = (
				DD8D76DC265950730091EA9F /* LaunchScreen.storyboard in Resources */,
				DD8D76D9265950730091EA9F /* Assets.xcassets in Resources */,
				DD8D76E7265950C30091EA9F /* CollectionViewCell.xib in Resources */,
				DD8D76D7265950720091EA9F /* Main.storyboard in Resources */,
			);
			runOnlyForDeploymentPostprocessing = 0;
		};
/* End PBXResourcesBuildPhase section */

/* Begin PBXSourcesBuildPhase section */
		DD8D76C8265950720091EA9F /* Sources */ = {
			isa = PBXSourcesBuildPhase;
			buildActionMask = 2147483647;
			files = (
				DD8D76D4265950720091EA9F /* ViewController.swift in Sources */,
				DD8D76D0265950720091EA9F /* AppDelegate.swift in Sources */,
				DD8D76E6265950C30091EA9F /* CollectionViewCell.swift in Sources */,
				DD8D76D2265950720091EA9F /* SceneDelegate.swift in Sources */,
			);
			runOnlyForDeploymentPostprocessing = 0;
		};
/* End PBXSourcesBuildPhase section */

/* Begin PBXVariantGroup section */
		DD8D76D5265950720091EA9F /* Main.storyboard */ = {
			isa = PBXVariantGroup;
			children = (
				DD8D76D6265950720091EA9F /* Base */,
			);
			name = Main.storyboard;
			sourceTree = "<group>";
		};
		DD8D76DA265950730091EA9F /* LaunchScreen.storyboard */ = {
			isa = PBXVariantGroup;
			children = (
				DD8D76DB265950730091EA9F /* Base */,
			);
			name = LaunchScreen.storyboard;
			sourceTree = "<group>";
		};
/* End PBXVariantGroup section */

/* Begin XCBuildConfiguration section */
		DD8D76DE265950730091EA9F /* Debug */ = {
			isa = XCBuildConfiguration;
			buildSettings = {
				ALWAYS_SEARCH_USER_PATHS = NO;
				CLANG_ANALYZER_NONNULL = YES;
				CLANG_ANALYZER_NUMBER_OBJECT_CONVERSION = YES_AGGRESSIVE;
				CLANG_CXX_LANGUAGE_STANDARD = "gnu++14";
				CLANG_CXX_LIBRARY = "libc++";
				CLANG_ENABLE_MODULES = YES;
				CLANG_ENABLE_OBJC_ARC = YES;
				CLANG_ENABLE_OBJC_WEAK = YES;
				CLANG_WARN_BLOCK_CAPTURE_AUTORELEASING = YES;
				CLANG_WARN_BOOL_CONVERSION = YES;
				CLANG_WARN_COMMA = YES;
				CLANG_WARN_CONSTANT_CONVERSION = YES;
				CLANG_WARN_DEPRECATED_OBJC_IMPLEMENTATIONS = YES;
				CLANG_WARN_DIRECT_OBJC_ISA_USAGE = YES_ERROR;
				CLANG_WARN_DOCUMENTATION_COMMENTS = YES;
				CLANG_WARN_EMPTY_BODY = YES;
				CLANG_WARN_ENUM_CONVERSION = YES;
				CLANG_WARN_INFINITE_RECURSION = YES;
				CLANG_WARN_INT_CONVERSION = YES;
				CLANG_WARN_NON_LITERAL_NULL_CONVERSION = YES;
				CLANG_WARN_OBJC_IMPLICIT_RETAIN_SELF = YES;
				CLANG_WARN_OBJC_LITERAL_CONVERSION = YES;
				CLANG_WARN_OBJC_ROOT_CLASS = YES_ERROR;
				CLANG_WARN_QUOTED_INCLUDE_IN_FRAMEWORK_HEADER = YES;
				CLANG_WARN_RANGE_LOOP_ANALYSIS = YES;
				CLANG_WARN_STRICT_PROTOTYPES = YES;
				CLANG_WARN_SUSPICIOUS_MOVE = YES;
				CLANG_WARN_UNGUARDED_AVAILABILITY = YES_AGGRESSIVE;
				CLANG_WARN_UNREACHABLE_CODE = YES;
				CLANG_WARN__DUPLICATE_METHOD_MATCH = YES;
				COPY_PHASE_STRIP = NO;
				DEBUG_INFORMATION_FORMAT = dwarf;
				ENABLE_STRICT_OBJC_MSGSEND = YES;
				ENABLE_TESTABILITY = YES;
				GCC_C_LANGUAGE_STANDARD = gnu11;
				GCC_DYNAMIC_NO_PIC = NO;
				GCC_NO_COMMON_BLOCKS = YES;
				GCC_OPTIMIZATION_LEVEL = 0;
				GCC_PREPROCESSOR_DEFINITIONS = (
					"DEBUG=1",
					"$(inherited)",
				);
				GCC_WARN_64_TO_32_BIT_CONVERSION = YES;
				GCC_WARN_ABOUT_RETURN_TYPE = YES_ERROR;
				GCC_WARN_UNDECLARED_SELECTOR = YES;
				GCC_WARN_UNINITIALIZED_AUTOS = YES_AGGRESSIVE;
				GCC_WARN_UNUSED_FUNCTION = YES;
				GCC_WARN_UNUSED_VARIABLE = YES;
				IPHONEOS_DEPLOYMENT_TARGET = 14.4;
				MTL_ENABLE_DEBUG_INFO = INCLUDE_SOURCE;
				MTL_FAST_MATH = YES;
				ONLY_ACTIVE_ARCH = YES;
				SDKROOT = iphoneos;
				SWIFT_ACTIVE_COMPILATION_CONDITIONS = DEBUG;
				SWIFT_OPTIMIZATION_LEVEL = "-Onone";
			};
			name = Debug;
		};
		DD8D76DF265950730091EA9F /* Release */ = {
			isa = XCBuildConfiguration;
			buildSettings = {
				ALWAYS_SEARCH_USER_PATHS = NO;
				CLANG_ANALYZER_NONNULL = YES;
				CLANG_ANALYZER_NUMBER_OBJECT_CONVERSION = YES_AGGRESSIVE;
				CLANG_CXX_LANGUAGE_STANDARD = "gnu++14";
				CLANG_CXX_LIBRARY = "libc++";
				CLANG_ENABLE_MODULES = YES;
				CLANG_ENABLE_OBJC_ARC = YES;
				CLANG_ENABLE_OBJC_WEAK = YES;
				CLANG_WARN_BLOCK_CAPTURE_AUTORELEASING = YES;
				CLANG_WARN_BOOL_CONVERSION = YES;
				CLANG_WARN_COMMA = YES;
				CLANG_WARN_CONSTANT_CONVERSION = YES;
				CLANG_WARN_DEPRECATED_OBJC_IMPLEMENTATIONS = YES;
				CLANG_WARN_DIRECT_OBJC_ISA_USAGE = YES_ERROR;
				CLANG_WARN_DOCUMENTATION_COMMENTS = YES;
				CLANG_WARN_EMPTY_BODY = YES;
				CLANG_WARN_ENUM_CONVERSION = YES;
				CLANG_WARN_INFINITE_RECURSION = YES;
				CLANG_WARN_INT_CONVERSION = YES;
				CLANG_WARN_NON_LITERAL_NULL_CONVERSION = YES;
				CLANG_WARN_OBJC_IMPLICIT_RETAIN_SELF = YES;
				CLANG_WARN_OBJC_LITERAL_CONVERSION = YES;
				CLANG_WARN_OBJC_ROOT_CLASS = YES_ERROR;
				CLANG_WARN_QUOTED_INCLUDE_IN_FRAMEWORK_HEADER = YES;
				CLANG_WARN_RANGE_LOOP_ANALYSIS = YES;
				CLANG_WARN_STRICT_PROTOTYPES = YES;
				CLANG_WARN_SUSPICIOUS_MOVE = YES;
				CLANG_WARN_UNGUARDED_AVAILABILITY = YES_AGGRESSIVE;
				CLANG_WARN_UNREACHABLE_CODE = YES;
				CLANG_WARN__DUPLICATE_METHOD_MATCH = YES;
				COPY_PHASE_STRIP = NO;
				DEBUG_INFORMATION_FORMAT = "dwarf-with-dsym";
				ENABLE_NS_ASSERTIONS = NO;
				ENABLE_STRICT_OBJC_MSGSEND = YES;
				GCC_C_LANGUAGE_STANDARD = gnu11;
				GCC_NO_COMMON_BLOCKS = YES;
				GCC_WARN_64_TO_32_BIT_CONVERSION = YES;
				GCC_WARN_ABOUT_RETURN_TYPE = YES_ERROR;
				GCC_WARN_UNDECLARED_SELECTOR = YES;
				GCC_WARN_UNINITIALIZED_AUTOS = YES_AGGRESSIVE;
				GCC_WARN_UNUSED_FUNCTION = YES;
				GCC_WARN_UNUSED_VARIABLE = YES;
				IPHONEOS_DEPLOYMENT_TARGET = 14.4;
				MTL_ENABLE_DEBUG_INFO = NO;
				MTL_FAST_MATH = YES;
				SDKROOT = iphoneos;
				SWIFT_COMPILATION_MODE = wholemodule;
				SWIFT_OPTIMIZATION_LEVEL = "-O";
				VALIDATE_PRODUCT = YES;
			};
			name = Release;
		};
		DD8D76E1265950730091EA9F /* Debug */ = {
			isa = XCBuildConfiguration;
			buildSettings = {
				ASSETCATALOG_COMPILER_APPICON_NAME = AppIcon;
				ASSETCATALOG_COMPILER_GLOBAL_ACCENT_COLOR_NAME = AccentColor;
				CODE_SIGN_STYLE = Automatic;
				INFOPLIST_FILE = CollectionViewScroll/Info.plist;
				LD_RUNPATH_SEARCH_PATHS = (
					"$(inherited)",
					"@executable_path/Frameworks",
				);
				PRODUCT_BUNDLE_IDENTIFIER = com.ezidayzi.CollectionViewScroll;
				PRODUCT_NAME = "$(TARGET_NAME)";
				SWIFT_VERSION = 5.0;
				TARGETED_DEVICE_FAMILY = "1,2";
			};
			name = Debug;
		};
		DD8D76E2265950730091EA9F /* Release */ = {
			isa = XCBuildConfiguration;
			buildSettings = {
				ASSETCATALOG_COMPILER_APPICON_NAME = AppIcon;
				ASSETCATALOG_COMPILER_GLOBAL_ACCENT_COLOR_NAME = AccentColor;
				CODE_SIGN_STYLE = Automatic;
				INFOPLIST_FILE = CollectionViewScroll/Info.plist;
				LD_RUNPATH_SEARCH_PATHS = (
					"$(inherited)",
					"@executable_path/Frameworks",
				);
				PRODUCT_BUNDLE_IDENTIFIER = com.ezidayzi.CollectionViewScroll;
				PRODUCT_NAME = "$(TARGET_NAME)";
				SWIFT_VERSION = 5.0;
				TARGETED_DEVICE_FAMILY = "1,2";
			};
			name = Release;
		};
/* End XCBuildConfiguration section */

/* Begin XCConfigurationList section */
		DD8D76C7265950720091EA9F /* Build configuration list for PBXProject "CollectionViewScroll" */ = {
			isa = XCConfigurationList;
			buildConfigurations = (
				DD8D76DE265950730091EA9F /* Debug */,
				DD8D76DF265950730091EA9F /* Release */,
			);
			defaultConfigurationIsVisible = 0;
			defaultConfigurationName = Release;
		};
		DD8D76E0265950730091EA9F /* Build configuration list for PBXNativeTarget "CollectionViewScroll" */ = {
			isa = XCConfigurationList;
			buildConfigurations = (
				DD8D76E1265950730091EA9F /* Debug */,
				DD8D76E2265950730091EA9F /* Release */,
			);
			defaultConfigurationIsVisible = 0;
			defaultConfigurationName = Release;
		};
/* End XCConfigurationList section */
	};
	rootObject = DD8D76C4265950720091EA9F /* Project object */;
}
