// !$*UTF8*$!
{
	archiveVersion = 1;
	classes = {
	};
	objectVersion = 55;
	objects = {

/* Begin PBXBuildFile section */
		DD35FEEA27B62A5100BEA8A8 /* SmallCollectionViewCell.swift in Sources */ = {isa = PBXBuildFile; fileRef = DD35FEE927B62A5100BEA8A8 /* SmallCollectionViewCell.swift */; };
		DD35FEED27B62A9000BEA8A8 /* CollectionView+.swift in Sources */ = {isa = PBXBuildFile; fileRef = DD35FEEC27B62A9000BEA8A8 /* CollectionView+.swift */; };
		DD35FEEF27B62AC500BEA8A8 /* MediumCollectionViewCell.swift in Sources */ = {isa = PBXBuildFile; fileRef = DD35FEEE27B62AC500BEA8A8 /* MediumCollectionViewCell.swift */; };
		DD6E25E4279D1F2D00AD9BE7 /* AppDelegate.swift in Sources */ = {isa = PBXBuildFile; fileRef = DD6E25E3279D1F2D00AD9BE7 /* AppDelegate.swift */; };
		DD6E25E6279D1F2D00AD9BE7 /* SceneDelegate.swift in Sources */ = {isa = PBXBuildFile; fileRef = DD6E25E5279D1F2D00AD9BE7 /* SceneDelegate.swift */; };
		DD6E25E8279D1F2D00AD9BE7 /* ViewController.swift in Sources */ = {isa = PBXBuildFile; fileRef = DD6E25E7279D1F2D00AD9BE7 /* ViewController.swift */; };
		DD6E25EB279D1F2D00AD9BE7 /* Main.storyboard in Resources */ = {isa = PBXBuildFile; fileRef = DD6E25E9279D1F2D00AD9BE7 /* Main.storyboard */; };
		DD6E25ED279D1F2F00AD9BE7 /* Assets.xcassets in Resources */ = {isa = PBXBuildFile; fileRef = DD6E25EC279D1F2F00AD9BE7 /* Assets.xcassets */; };
		DD6E25F0279D1F2F00AD9BE7 /* LaunchScreen.storyboard in Resources */ = {isa = PBXBuildFile; fileRef = DD6E25EE279D1F2F00AD9BE7 /* LaunchScreen.storyboard */; };
		DD8829F227B4EB6500F00DD7 /* Section.swift in Sources */ = {isa = PBXBuildFile; fileRef = DD8829F127B4EB6500F00DD7 /* Section.swift */; };
		DD8829F427B4EB7200F00DD7 /* App.swift in Sources */ = {isa = PBXBuildFile; fileRef = DD8829F327B4EB7200F00DD7 /* App.swift */; };
		DD8829F927B4ECD600F00DD7 /* MockParser.swift in Sources */ = {isa = PBXBuildFile; fileRef = DD8829F827B4ECD600F00DD7 /* MockParser.swift */; };
		DD8829FC27B4EE0C00F00DD7 /* appstore.json in Resources */ = {isa = PBXBuildFile; fileRef = DD8829FB27B4EE0C00F00DD7 /* appstore.json */; };
		DD8829FE27B4FD1A00F00DD7 /* FeaturedCollectionViewCell.swift in Sources */ = {isa = PBXBuildFile; fileRef = DD8829FD27B4FD1A00F00DD7 /* FeaturedCollectionViewCell.swift */; };
		DD882A0127B4FE9300F00DD7 /* SnapKit in Frameworks */ = {isa = PBXBuildFile; productRef = DD882A0027B4FE9300F00DD7 /* SnapKit */; };
		DD882A0427B4FEC400F00DD7 /* Then in Frameworks */ = {isa = PBXBuildFile; productRef = DD882A0327B4FEC400F00DD7 /* Then */; };
/* End PBXBuildFile section */

/* Begin PBXFileReference section */
		DD35FEE927B62A5100BEA8A8 /* SmallCollectionViewCell.swift */ = {isa = PBXFileReference; lastKnownFileType = sourcecode.swift; path = SmallCollectionViewCell.swift; sourceTree = "<group>"; };
		DD35FEEC27B62A9000BEA8A8 /* CollectionView+.swift */ = {isa = PBXFileReference; lastKnownFileType = sourcecode.swift; path = "CollectionView+.swift"; sourceTree = "<group>"; };
		DD35FEEE27B62AC500BEA8A8 /* MediumCollectionViewCell.swift */ = {isa = PBXFileReference; lastKnownFileType = sourcecode.swift; path = MediumCollectionViewCell.swift; sourceTree = "<group>"; };
		DD6E25E0279D1F2D00AD9BE7 /* App-Store.app */ = {isa = PBXFileReference; explicitFileType = wrapper.application; includeInIndex = 0; path = "App-Store.app"; sourceTree = BUILT_PRODUCTS_DIR; };
		DD6E25E3279D1F2D00AD9BE7 /* AppDelegate.swift */ = {isa = PBXFileReference; lastKnownFileType = sourcecode.swift; path = AppDelegate.swift; sourceTree = "<group>"; };
		DD6E25E5279D1F2D00AD9BE7 /* SceneDelegate.swift */ = {isa = PBXFileReference; lastKnownFileType = sourcecode.swift; path = SceneDelegate.swift; sourceTree = "<group>"; };
		DD6E25E7279D1F2D00AD9BE7 /* ViewController.swift */ = {isa = PBXFileReference; lastKnownFileType = sourcecode.swift; path = ViewController.swift; sourceTree = "<group>"; };
		DD6E25EA279D1F2D00AD9BE7 /* Base */ = {isa = PBXFileReference; lastKnownFileType = file.storyboard; name = Base; path = Base.lproj/Main.storyboard; sourceTree = "<group>"; };
		DD6E25EC279D1F2F00AD9BE7 /* Assets.xcassets */ = {isa = PBXFileReference; lastKnownFileType = folder.assetcatalog; path = Assets.xcassets; sourceTree = "<group>"; };
		DD6E25EF279D1F2F00AD9BE7 /* Base */ = {isa = PBXFileReference; lastKnownFileType = file.storyboard; name = Base; path = Base.lproj/LaunchScreen.storyboard; sourceTree = "<group>"; };
		DD6E25F1279D1F2F00AD9BE7 /* Info.plist */ = {isa = PBXFileReference; lastKnownFileType = text.plist.xml; path = Info.plist; sourceTree = "<group>"; };
		DD8829F127B4EB6500F00DD7 /* Section.swift */ = {isa = PBXFileReference; lastKnownFileType = sourcecode.swift; path = Section.swift; sourceTree = "<group>"; };
		DD8829F327B4EB7200F00DD7 /* App.swift */ = {isa = PBXFileReference; lastKnownFileType = sourcecode.swift; path = App.swift; sourceTree = "<group>"; };
		DD8829F827B4ECD600F00DD7 /* MockParser.swift */ = {isa = PBXFileReference; lastKnownFileType = sourcecode.swift; path = MockParser.swift; sourceTree = "<group>"; };
		DD8829FB27B4EE0C00F00DD7 /* appstore.json */ = {isa = PBXFileReference; lastKnownFileType = text.json; path = appstore.json; sourceTree = "<group>"; };
		DD8829FD27B4FD1A00F00DD7 /* FeaturedCollectionViewCell.swift */ = {isa = PBXFileReference; lastKnownFileType = sourcecode.swift; path = FeaturedCollectionViewCell.swift; sourceTree = "<group>"; };
/* End PBXFileReference section */

/* Begin PBXFrameworksBuildPhase section */
		DD6E25DD279D1F2D00AD9BE7 /* Frameworks */ = {
			isa = PBXFrameworksBuildPhase;
			buildActionMask = 2147483647;
			files = (
				DD882A0127B4FE9300F00DD7 /* SnapKit in Frameworks */,
				DD882A0427B4FEC400F00DD7 /* Then in Frameworks */,
			);
			runOnlyForDeploymentPostprocessing = 0;
		};
/* End PBXFrameworksBuildPhase section */

/* Begin PBXGroup section */
		DD35FEEB27B62A8000BEA8A8 /* Extension */ = {
			isa = PBXGroup;
			children = (
				DD35FEEC27B62A9000BEA8A8 /* CollectionView+.swift */,
			);
			path = Extension;
			sourceTree = "<group>";
		};
		DD6E25D7279D1F2D00AD9BE7 = {
			isa = PBXGroup;
			children = (
				DD6E25E2279D1F2D00AD9BE7 /* App-Store */,
				DD6E25E1279D1F2D00AD9BE7 /* Products */,
			);
			sourceTree = "<group>";
		};
		DD6E25E1279D1F2D00AD9BE7 /* Products */ = {
			isa = PBXGroup;
			children = (
				DD6E25E0279D1F2D00AD9BE7 /* App-Store.app */,
			);
			name = Products;
			sourceTree = "<group>";
		};
		DD6E25E2279D1F2D00AD9BE7 /* App-Store */ = {
			isa = PBXGroup;
			children = (
				DD35FEEB27B62A8000BEA8A8 /* Extension */,
				DD8829F527B4EB9500F00DD7 /* Mock */,
				DD8829F027B4EB5900F00DD7 /* Model */,
				DD8DF7DA27A19219004F1CA1 /* Cell */,
				DD8DF7D927A1920C004F1CA1 /* ViewController */,
				DD6E25E3279D1F2D00AD9BE7 /* AppDelegate.swift */,
				DD6E25E5279D1F2D00AD9BE7 /* SceneDelegate.swift */,
				DD6E25E9279D1F2D00AD9BE7 /* Main.storyboard */,
				DD6E25EC279D1F2F00AD9BE7 /* Assets.xcassets */,
				DD6E25EE279D1F2F00AD9BE7 /* LaunchScreen.storyboard */,
				DD6E25F1279D1F2F00AD9BE7 /* Info.plist */,
			);
			path = "App-Store";
			sourceTree = "<group>";
		};
		DD8829F027B4EB5900F00DD7 /* Model */ = {
			isa = PBXGroup;
			children = (
				DD8829F127B4EB6500F00DD7 /* Section.swift */,
				DD8829F327B4EB7200F00DD7 /* App.swift */,
			);
			path = Model;
			sourceTree = "<group>";
		};
		DD8829F527B4EB9500F00DD7 /* Mock */ = {
			isa = PBXGroup;
			children = (
				DD8829F827B4ECD600F00DD7 /* MockParser.swift */,
				DD8829FB27B4EE0C00F00DD7 /* appstore.json */,
			);
			path = Mock;
			sourceTree = "<group>";
		};
		DD8DF7D927A1920C004F1CA1 /* ViewController */ = {
			isa = PBXGroup;
			children = (
				DD6E25E7279D1F2D00AD9BE7 /* ViewController.swift */,
			);
			path = ViewController;
			sourceTree = "<group>";
		};
		DD8DF7DA27A19219004F1CA1 /* Cell */ = {
			isa = PBXGroup;
			children = (
				DD8829FD27B4FD1A00F00DD7 /* FeaturedCollectionViewCell.swift */,
				DD35FEE927B62A5100BEA8A8 /* SmallCollectionViewCell.swift */,
				DD35FEEE27B62AC500BEA8A8 /* MediumCollectionViewCell.swift */,
			);
			path = Cell;
			sourceTree = "<group>";
		};
/* End PBXGroup section */

/* Begin PBXNativeTarget section */
		DD6E25DF279D1F2D00AD9BE7 /* App-Store */ = {
			isa = PBXNativeTarget;
			buildConfigurationList = DD6E25F4279D1F2F00AD9BE7 /* Build configuration list for PBXNativeTarget "App-Store" */;
			buildPhases = (
				DD6E25DC279D1F2D00AD9BE7 /* Sources */,
				DD6E25DD279D1F2D00AD9BE7 /* Frameworks */,
				DD6E25DE279D1F2D00AD9BE7 /* Resources */,
			);
			buildRules = (
			);
			dependencies = (
			);
			name = "App-Store";
			packageProductDependencies = (
				DD882A0027B4FE9300F00DD7 /* SnapKit */,
				DD882A0327B4FEC400F00DD7 /* Then */,
			);
			productName = "App-Store";
			productReference = DD6E25E0279D1F2D00AD9BE7 /* App-Store.app */;
			productType = "com.apple.product-type.application";
		};
/* End PBXNativeTarget section */

/* Begin PBXProject section */
		DD6E25D8279D1F2D00AD9BE7 /* Project object */ = {
			isa = PBXProject;
			attributes = {
				BuildIndependentTargetsInParallel = 1;
				LastSwiftUpdateCheck = 1310;
				LastUpgradeCheck = 1310;
				TargetAttributes = {
					DD6E25DF279D1F2D00AD9BE7 = {
						CreatedOnToolsVersion = 13.1;
					};
				};
			};
			buildConfigurationList = DD6E25DB279D1F2D00AD9BE7 /* Build configuration list for PBXProject "App-Store" */;
			compatibilityVersion = "Xcode 13.0";
			developmentRegion = en;
			hasScannedForEncodings = 0;
			knownRegions = (
				en,
				Base,
			);
			mainGroup = DD6E25D7279D1F2D00AD9BE7;
			packageReferences = (
				DD8829FF27B4FE9300F00DD7 /* XCRemoteSwiftPackageReference "SnapKit" */,
				DD882A0227B4FEC400F00DD7 /* XCRemoteSwiftPackageReference "Then" */,
			);
			productRefGroup = DD6E25E1279D1F2D00AD9BE7 /* Products */;
			projectDirPath = "";
			projectRoot = "";
			targets = (
				DD6E25DF279D1F2D00AD9BE7 /* App-Store */,
			);
		};
/* End PBXProject section */

/* Begin PBXResourcesBuildPhase section */
		DD6E25DE279D1F2D00AD9BE7 /* Resources */ = {
			isa = PBXResourcesBuildPhase;
			buildActionMask = 2147483647;
			files = (
				DD6E25F0279D1F2F00AD9BE7 /* LaunchScreen.storyboard in Resources */,
				DD6E25ED279D1F2F00AD9BE7 /* Assets.xcassets in Resources */,
				DD6E25EB279D1F2D00AD9BE7 /* Main.storyboard in Resources */,
				DD8829FC27B4EE0C00F00DD7 /* appstore.json in Resources */,
			);
			runOnlyForDeploymentPostprocessing = 0;
		};
/* End PBXResourcesBuildPhase section */

/* Begin PBXSourcesBuildPhase section */
		DD6E25DC279D1F2D00AD9BE7 /* Sources */ = {
			isa = PBXSourcesBuildPhase;
			buildActionMask = 2147483647;
			files = (
				DD35FEEA27B62A5100BEA8A8 /* SmallCollectionViewCell.swift in Sources */,
				DD8829F227B4EB6500F00DD7 /* Section.swift in Sources */,
				DD6E25E8279D1F2D00AD9BE7 /* ViewController.swift in Sources */,
				DD8829F427B4EB7200F00DD7 /* App.swift in Sources */,
				DD6E25E4279D1F2D00AD9BE7 /* AppDelegate.swift in Sources */,
				DD8829FE27B4FD1A00F00DD7 /* FeaturedCollectionViewCell.swift in Sources */,
				DD8829F927B4ECD600F00DD7 /* MockParser.swift in Sources */,
				DD6E25E6279D1F2D00AD9BE7 /* SceneDelegate.swift in Sources */,
				DD35FEED27B62A9000BEA8A8 /* CollectionView+.swift in Sources */,
				DD35FEEF27B62AC500BEA8A8 /* MediumCollectionViewCell.swift in Sources */,
			);
			runOnlyForDeploymentPostprocessing = 0;
		};
/* End PBXSourcesBuildPhase section */

/* Begin PBXVariantGroup section */
		DD6E25E9279D1F2D00AD9BE7 /* Main.storyboard */ = {
			isa = PBXVariantGroup;
			children = (
				DD6E25EA279D1F2D00AD9BE7 /* Base */,
			);
			name = Main.storyboard;
			sourceTree = "<group>";
		};
		DD6E25EE279D1F2F00AD9BE7 /* LaunchScreen.storyboard */ = {
			isa = PBXVariantGroup;
			children = (
				DD6E25EF279D1F2F00AD9BE7 /* Base */,
			);
			name = LaunchScreen.storyboard;
			sourceTree = "<group>";
		};
/* End PBXVariantGroup section */

/* Begin XCBuildConfiguration section */
		DD6E25F2279D1F2F00AD9BE7 /* Debug */ = {
			isa = XCBuildConfiguration;
			buildSettings = {
				ALWAYS_SEARCH_USER_PATHS = NO;
				CLANG_ANALYZER_NONNULL = YES;
				CLANG_ANALYZER_NUMBER_OBJECT_CONVERSION = YES_AGGRESSIVE;
				CLANG_CXX_LANGUAGE_STANDARD = "gnu++17";
				CLANG_CXX_LIBRARY = "libc++";
				CLANG_ENABLE_MODULES = YES;
				CLANG_ENABLE_OBJC_ARC = YES;
				CLANG_ENABLE_OBJC_WEAK = YES;
				CLANG_WARN_BLOCK_CAPTURE_AUTORELEASING = YES;
				CLANG_WARN_BOOL_CONVERSION = YES;
				CLANG_WARN_COMMA = YES;
				CLANG_WARN_CONSTANT_CONVERSION = YES;
				CLANG_WARN_DEPRECATED_OBJC_IMPLEMENTATIONS = YES;
				CLANG_WARN_DIRECT_OBJC_ISA_USAGE = YES_ERROR;
				CLANG_WARN_DOCUMENTATION_COMMENTS = YES;
				CLANG_WARN_EMPTY_BODY = YES;
				CLANG_WARN_ENUM_CONVERSION = YES;
				CLANG_WARN_INFINITE_RECURSION = YES;
				CLANG_WARN_INT_CONVERSION = YES;
				CLANG_WARN_NON_LITERAL_NULL_CONVERSION = YES;
				CLANG_WARN_OBJC_IMPLICIT_RETAIN_SELF = YES;
				CLANG_WARN_OBJC_LITERAL_CONVERSION = YES;
				CLANG_WARN_OBJC_ROOT_CLASS = YES_ERROR;
				CLANG_WARN_QUOTED_INCLUDE_IN_FRAMEWORK_HEADER = YES;
				CLANG_WARN_RANGE_LOOP_ANALYSIS = YES;
				CLANG_WARN_STRICT_PROTOTYPES = YES;
				CLANG_WARN_SUSPICIOUS_MOVE = YES;
				CLANG_WARN_UNGUARDED_AVAILABILITY = YES_AGGRESSIVE;
				CLANG_WARN_UNREACHABLE_CODE = YES;
				CLANG_WARN__DUPLICATE_METHOD_MATCH = YES;
				COPY_PHASE_STRIP = NO;
				DEBUG_INFORMATION_FORMAT = dwarf;
				ENABLE_STRICT_OBJC_MSGSEND = YES;
				ENABLE_TESTABILITY = YES;
				GCC_C_LANGUAGE_STANDARD = gnu11;
				GCC_DYNAMIC_NO_PIC = NO;
				GCC_NO_COMMON_BLOCKS = YES;
				GCC_OPTIMIZATION_LEVEL = 0;
				GCC_PREPROCESSOR_DEFINITIONS = (
					"DEBUG=1",
					"$(inherited)",
				);
				GCC_WARN_64_TO_32_BIT_CONVERSION = YES;
				GCC_WARN_ABOUT_RETURN_TYPE = YES_ERROR;
				GCC_WARN_UNDECLARED_SELECTOR = YES;
				GCC_WARN_UNINITIALIZED_AUTOS = YES_AGGRESSIVE;
				GCC_WARN_UNUSED_FUNCTION = YES;
				GCC_WARN_UNUSED_VARIABLE = YES;
				IPHONEOS_DEPLOYMENT_TARGET = 15.0;
				MTL_ENABLE_DEBUG_INFO = INCLUDE_SOURCE;
				MTL_FAST_MATH = YES;
				ONLY_ACTIVE_ARCH = YES;
				SDKROOT = iphoneos;
				SWIFT_ACTIVE_COMPILATION_CONDITIONS = DEBUG;
				SWIFT_OPTIMIZATION_LEVEL = "-Onone";
			};
			name = Debug;
		};
		DD6E25F3279D1F2F00AD9BE7 /* Release */ = {
			isa = XCBuildConfiguration;
			buildSettings = {
				ALWAYS_SEARCH_USER_PATHS = NO;
				CLANG_ANALYZER_NONNULL = YES;
				CLANG_ANALYZER_NUMBER_OBJECT_CONVERSION = YES_AGGRESSIVE;
				CLANG_CXX_LANGUAGE_STANDARD = "gnu++17";
				CLANG_CXX_LIBRARY = "libc++";
				CLANG_ENABLE_MODULES = YES;
				CLANG_ENABLE_OBJC_ARC = YES;
				CLANG_ENABLE_OBJC_WEAK = YES;
				CLANG_WARN_BLOCK_CAPTURE_AUTORELEASING = YES;
				CLANG_WARN_BOOL_CONVERSION = YES;
				CLANG_WARN_COMMA = YES;
				CLANG_WARN_CONSTANT_CONVERSION = YES;
				CLANG_WARN_DEPRECATED_OBJC_IMPLEMENTATIONS = YES;
				CLANG_WARN_DIRECT_OBJC_ISA_USAGE = YES_ERROR;
				CLANG_WARN_DOCUMENTATION_COMMENTS = YES;
				CLANG_WARN_EMPTY_BODY = YES;
				CLANG_WARN_ENUM_CONVERSION = YES;
				CLANG_WARN_INFINITE_RECURSION = YES;
				CLANG_WARN_INT_CONVERSION = YES;
				CLANG_WARN_NON_LITERAL_NULL_CONVERSION = YES;
				CLANG_WARN_OBJC_IMPLICIT_RETAIN_SELF = YES;
				CLANG_WARN_OBJC_LITERAL_CONVERSION = YES;
				CLANG_WARN_OBJC_ROOT_CLASS = YES_ERROR;
				CLANG_WARN_QUOTED_INCLUDE_IN_FRAMEWORK_HEADER = YES;
				CLANG_WARN_RANGE_LOOP_ANALYSIS = YES;
				CLANG_WARN_STRICT_PROTOTYPES = YES;
				CLANG_WARN_SUSPICIOUS_MOVE = YES;
				CLANG_WARN_UNGUARDED_AVAILABILITY = YES_AGGRESSIVE;
				CLANG_WARN_UNREACHABLE_CODE = YES;
				CLANG_WARN__DUPLICATE_METHOD_MATCH = YES;
				COPY_PHASE_STRIP = NO;
				DEBUG_INFORMATION_FORMAT = "dwarf-with-dsym";
				ENABLE_NS_ASSERTIONS = NO;
				ENABLE_STRICT_OBJC_MSGSEND = YES;
				GCC_C_LANGUAGE_STANDARD = gnu11;
				GCC_NO_COMMON_BLOCKS = YES;
				GCC_WARN_64_TO_32_BIT_CONVERSION = YES;
				GCC_WARN_ABOUT_RETURN_TYPE = YES_ERROR;
				GCC_WARN_UNDECLARED_SELECTOR = YES;
				GCC_WARN_UNINITIALIZED_AUTOS = YES_AGGRESSIVE;
				GCC_WARN_UNUSED_FUNCTION = YES;
				GCC_WARN_UNUSED_VARIABLE = YES;
				IPHONEOS_DEPLOYMENT_TARGET = 15.0;
				MTL_ENABLE_DEBUG_INFO = NO;
				MTL_FAST_MATH = YES;
				SDKROOT = iphoneos;
				SWIFT_COMPILATION_MODE = wholemodule;
				SWIFT_OPTIMIZATION_LEVEL = "-O";
				VALIDATE_PRODUCT = YES;
			};
			name = Release;
		};
		DD6E25F5279D1F2F00AD9BE7 /* Debug */ = {
			isa = XCBuildConfiguration;
			buildSettings = {
				ASSETCATALOG_COMPILER_APPICON_NAME = AppIcon;
				ASSETCATALOG_COMPILER_GLOBAL_ACCENT_COLOR_NAME = AccentColor;
				CODE_SIGN_STYLE = Automatic;
				CURRENT_PROJECT_VERSION = 1;
				GENERATE_INFOPLIST_FILE = YES;
				INFOPLIST_FILE = "App-Store/Info.plist";
				INFOPLIST_KEY_UIApplicationSupportsIndirectInputEvents = YES;
				INFOPLIST_KEY_UILaunchStoryboardName = LaunchScreen;
				INFOPLIST_KEY_UIMainStoryboardFile = Main;
				INFOPLIST_KEY_UISupportedInterfaceOrientations_iPad = "UIInterfaceOrientationPortrait UIInterfaceOrientationPortraitUpsideDown UIInterfaceOrientationLandscapeLeft UIInterfaceOrientationLandscapeRight";
				INFOPLIST_KEY_UISupportedInterfaceOrientations_iPhone = "UIInterfaceOrientationPortrait UIInterfaceOrientationLandscapeLeft UIInterfaceOrientationLandscapeRight";
				LD_RUNPATH_SEARCH_PATHS = (
					"$(inherited)",
					"@executable_path/Frameworks",
				);
				MARKETING_VERSION = 1.0;
				PRODUCT_BUNDLE_IDENTIFIER = "com.ezidazi.App-Store";
				PRODUCT_NAME = "$(TARGET_NAME)";
				SWIFT_EMIT_LOC_STRINGS = YES;
				SWIFT_VERSION = 5.0;
				TARGETED_DEVICE_FAMILY = "1,2";
			};
			name = Debug;
		};
		DD6E25F6279D1F2F00AD9BE7 /* Release */ = {
			isa = XCBuildConfiguration;
			buildSettings = {
				ASSETCATALOG_COMPILER_APPICON_NAME = AppIcon;
				ASSETCATALOG_COMPILER_GLOBAL_ACCENT_COLOR_NAME = AccentColor;
				CODE_SIGN_STYLE = Automatic;
				CURRENT_PROJECT_VERSION = 1;
				GENERATE_INFOPLIST_FILE = YES;
				INFOPLIST_FILE = "App-Store/Info.plist";
				INFOPLIST_KEY_UIApplicationSupportsIndirectInputEvents = YES;
				INFOPLIST_KEY_UILaunchStoryboardName = LaunchScreen;
				INFOPLIST_KEY_UIMainStoryboardFile = Main;
				INFOPLIST_KEY_UISupportedInterfaceOrientations_iPad = "UIInterfaceOrientationPortrait UIInterfaceOrientationPortraitUpsideDown UIInterfaceOrientationLandscapeLeft UIInterfaceOrientationLandscapeRight";
				INFOPLIST_KEY_UISupportedInterfaceOrientations_iPhone = "UIInterfaceOrientationPortrait UIInterfaceOrientationLandscapeLeft UIInterfaceOrientationLandscapeRight";
				LD_RUNPATH_SEARCH_PATHS = (
					"$(inherited)",
					"@executable_path/Frameworks",
				);
				MARKETING_VERSION = 1.0;
				PRODUCT_BUNDLE_IDENTIFIER = "com.ezidazi.App-Store";
				PRODUCT_NAME = "$(TARGET_NAME)";
				SWIFT_EMIT_LOC_STRINGS = YES;
				SWIFT_VERSION = 5.0;
				TARGETED_DEVICE_FAMILY = "1,2";
			};
			name = Release;
		};
/* End XCBuildConfiguration section */

/* Begin XCConfigurationList section */
		DD6E25DB279D1F2D00AD9BE7 /* Build configuration list for PBXProject "App-Store" */ = {
			isa = XCConfigurationList;
			buildConfigurations = (
				DD6E25F2279D1F2F00AD9BE7 /* Debug */,
				DD6E25F3279D1F2F00AD9BE7 /* Release */,
			);
			defaultConfigurationIsVisible = 0;
			defaultConfigurationName = Release;
		};
		DD6E25F4279D1F2F00AD9BE7 /* Build configuration list for PBXNativeTarget "App-Store" */ = {
			isa = XCConfigurationList;
			buildConfigurations = (
				DD6E25F5279D1F2F00AD9BE7 /* Debug */,
				DD6E25F6279D1F2F00AD9BE7 /* Release */,
			);
			defaultConfigurationIsVisible = 0;
			defaultConfigurationName = Release;
		};
/* End XCConfigurationList section */

/* Begin XCRemoteSwiftPackageReference section */
		DD8829FF27B4FE9300F00DD7 /* XCRemoteSwiftPackageReference "SnapKit" */ = {
			isa = XCRemoteSwiftPackageReference;
			repositoryURL = "https://github.com/SnapKit/SnapKit";
			requirement = {
				kind = upToNextMajorVersion;
				minimumVersion = 5.0.0;
			};
		};
		DD882A0227B4FEC400F00DD7 /* XCRemoteSwiftPackageReference "Then" */ = {
			isa = XCRemoteSwiftPackageReference;
			repositoryURL = "https://github.com/devxoul/Then";
			requirement = {
				kind = upToNextMajorVersion;
				minimumVersion = 2.0.0;
			};
		};
/* End XCRemoteSwiftPackageReference section */

/* Begin XCSwiftPackageProductDependency section */
		DD882A0027B4FE9300F00DD7 /* SnapKit */ = {
			isa = XCSwiftPackageProductDependency;
			package = DD8829FF27B4FE9300F00DD7 /* XCRemoteSwiftPackageReference "SnapKit" */;
			productName = SnapKit;
		};
		DD882A0327B4FEC400F00DD7 /* Then */ = {
			isa = XCSwiftPackageProductDependency;
			package = DD882A0227B4FEC400F00DD7 /* XCRemoteSwiftPackageReference "Then" */;
			productName = Then;
		};
/* End XCSwiftPackageProductDependency section */
	};
	rootObject = DD6E25D8279D1F2D00AD9BE7 /* Project object */;
}
